
Microsoft Visual Studio Solution File, Format Version 12.00
# Visual Studio Version 17
VisualStudioVersion = 17.7.34031.279
MinimumVisualStudioVersion = 10.0.40219.1
Project("{2150E333-8FDC-42A3-9474-1A3956D46DE8}") = "API", "API", "{4D3AE993-E56B-4CE6-AB99-2587345CB25F}"
EndProject
Project("{2150E333-8FDC-42A3-9474-1A3956D46DE8}") = "Infraestucture", "Infraestucture", "{67678A1F-37B5-4A16-A401-D750A8051C3B}"
EndProject
Project("{2150E333-8FDC-42A3-9474-1A3956D46DE8}") = "Common", "Common", "{21CED060-E441-44CA-82E7-C7E0D85BBCB6}"
EndProject
Project("{2150E333-8FDC-42A3-9474-1A3956D46DE8}") = "src", "src", "{F7A27864-4647-4590-A808-85A8C2CF97F3}"
EndProject
Project("{2150E333-8FDC-42A3-9474-1A3956D46DE8}") = "Core", "Core", "{A07277A1-0E6A-4A5C-89EA-F71D42EDA23A}"
EndProject
Project("{FAE04EC0-301F-11D3-BF4B-00C04F79EFBC}") = "Tarker.Booking.Api", "src\Tarker.Booking.Api\Tarker.Booking.Api.csproj", "{7394FD4F-1C08-47CE-B6E7-BF458D78A713}"
EndProject
Project("{FAE04EC0-301F-11D3-BF4B-00C04F79EFBC}") = "Tarker.Booking.Common", "src\Tarker.Booking.Common\Tarker.Booking.Common.csproj", "{9FC8AF00-5FB4-401C-A980-11D2B2C5A812}"
EndProject
Project("{FAE04EC0-301F-11D3-BF4B-00C04F79EFBC}") = "Tarker.Booking.Domain", "src\Tarker.Booking.Domain\Tarker.Booking.Domain.csproj", "{03A1343B-D706-4AE5-84E0-36F5EC5C1E77}"
EndProject
Project("{FAE04EC0-301F-11D3-BF4B-00C04F79EFBC}") = "Tarker.Booking.Application", "src\Tarker.Booking.Application\Tarker.Booking.Application.csproj", "{691846A1-C2BD-4DC4-A8AB-FE31843CF2D9}"
EndProject
Project("{FAE04EC0-301F-11D3-BF4B-00C04F79EFBC}") = "Tarker.Booking.External", "src\Tarker.Booking.External\Tarker.Booking.External.csproj", "{B8405B14-3EA6-4D0B-8BB2-3882E0AA177F}"
EndProject
Project("{FAE04EC0-301F-11D3-BF4B-00C04F79EFBC}") = "Tarker.Booking.Persistence", "src\Tarker.Booking.Persistence\Tarker.Booking.Persistence.csproj", "{965810DE-CB09-43DE-8C04-E9C633C235E8}"
EndProject
Global
	GlobalSection(SolutionConfigurationPlatforms) = preSolution
		Debug|Any CPU = Debug|Any CPU
		Release|Any CPU = Release|Any CPU
	EndGlobalSection
	GlobalSection(ProjectConfigurationPlatforms) = postSolution
		{7394FD4F-1C08-47CE-B6E7-BF458D78A713}.Debug|Any CPU.ActiveCfg = Debug|Any CPU
		{7394FD4F-1C08-47CE-B6E7-BF458D78A713}.Debug|Any CPU.Build.0 = Debug|Any CPU
		{7394FD4F-1C08-47CE-B6E7-BF458D78A713}.Release|Any CPU.ActiveCfg = Release|Any CPU
		{7394FD4F-1C08-47CE-B6E7-BF458D78A713}.Release|Any CPU.Build.0 = Release|Any CPU
		{9FC8AF00-5FB4-401C-A980-11D2B2C5A812}.Debug|Any CPU.ActiveCfg = Debug|Any CPU
		{9FC8AF00-5FB4-401C-A980-11D2B2C5A812}.Debug|Any CPU.Build.0 = Debug|Any CPU
		{9FC8AF00-5FB4-401C-A980-11D2B2C5A812}.Release|Any CPU.ActiveCfg = Release|Any CPU
		{9FC8AF00-5FB4-401C-A980-11D2B2C5A812}.Release|Any CPU.Build.0 = Release|Any CPU
		{03A1343B-D706-4AE5-84E0-36F5EC5C1E77}.Debug|Any CPU.ActiveCfg = Debug|Any CPU
		{03A1343B-D706-4AE5-84E0-36F5EC5C1E77}.Debug|Any CPU.Build.0 = Debug|Any CPU
		{03A1343B-D706-4AE5-84E0-36F5EC5C1E77}.Release|Any CPU.ActiveCfg = Release|Any CPU
		{03A1343B-D706-4AE5-84E0-36F5EC5C1E77}.Release|Any CPU.Build.0 = Release|Any CPU
		{691846A1-C2BD-4DC4-A8AB-FE31843CF2D9}.Debug|Any CPU.ActiveCfg = Debug|Any CPU
		{691846A1-C2BD-4DC4-A8AB-FE31843CF2D9}.Debug|Any CPU.Build.0 = Debug|Any CPU
		{691846A1-C2BD-4DC4-A8AB-FE31843CF2D9}.Release|Any CPU.ActiveCfg = Release|Any CPU
		{691846A1-C2BD-4DC4-A8AB-FE31843CF2D9}.Release|Any CPU.Build.0 = Release|Any CPU
		{B8405B14-3EA6-4D0B-8BB2-3882E0AA177F}.Debug|Any CPU.ActiveCfg = Debug|Any CPU
		{B8405B14-3EA6-4D0B-8BB2-3882E0AA177F}.Debug|Any CPU.Build.0 = Debug|Any CPU
		{B8405B14-3EA6-4D0B-8BB2-3882E0AA177F}.Release|Any CPU.ActiveCfg = Release|Any CPU
		{B8405B14-3EA6-4D0B-8BB2-3882E0AA177F}.Release|Any CPU.Build.0 = Release|Any CPU
		{965810DE-CB09-43DE-8C04-E9C633C235E8}.Debug|Any CPU.ActiveCfg = Debug|Any CPU
		{965810DE-CB09-43DE-8C04-E9C633C235E8}.Debug|Any CPU.Build.0 = Debug|Any CPU
		{965810DE-CB09-43DE-8C04-E9C633C235E8}.Release|Any CPU.ActiveCfg = Release|Any CPU
		{965810DE-CB09-43DE-8C04-E9C633C235E8}.Release|Any CPU.Build.0 = Release|Any CPU
	EndGlobalSection
	GlobalSection(SolutionProperties) = preSolution
		HideSolutionNode = FALSE
	EndGlobalSection
	GlobalSection(NestedProjects) = preSolution
		{4D3AE993-E56B-4CE6-AB99-2587345CB25F} = {F7A27864-4647-4590-A808-85A8C2CF97F3}
		{67678A1F-37B5-4A16-A401-D750A8051C3B} = {F7A27864-4647-4590-A808-85A8C2CF97F3}
		{21CED060-E441-44CA-82E7-C7E0D85BBCB6} = {F7A27864-4647-4590-A808-85A8C2CF97F3}
		{A07277A1-0E6A-4A5C-89EA-F71D42EDA23A} = {F7A27864-4647-4590-A808-85A8C2CF97F3}
		{7394FD4F-1C08-47CE-B6E7-BF458D78A713} = {4D3AE993-E56B-4CE6-AB99-2587345CB25F}
		{9FC8AF00-5FB4-401C-A980-11D2B2C5A812} = {21CED060-E441-44CA-82E7-C7E0D85BBCB6}
		{03A1343B-D706-4AE5-84E0-36F5EC5C1E77} = {A07277A1-0E6A-4A5C-89EA-F71D42EDA23A}
		{691846A1-C2BD-4DC4-A8AB-FE31843CF2D9} = {A07277A1-0E6A-4A5C-89EA-F71D42EDA23A}
		{B8405B14-3EA6-4D0B-8BB2-3882E0AA177F} = {67678A1F-37B5-4A16-A401-D750A8051C3B}
		{965810DE-CB09-43DE-8C04-E9C633C235E8} = {67678A1F-37B5-4A16-A401-D750A8051C3B}
	EndGlobalSection
	GlobalSection(ExtensibilityGlobals) = postSolution
		SolutionGuid = {8B694684-CCBF-4DFB-AC11-9852E22B1EAF}
	EndGlobalSection
EndGlobal
